
Microsoft Visual Studio Solution File, Format Version 12.00
# Visual Studio Version 17
VisualStudioVersion = 17.5.33516.290
MinimumVisualStudioVersion = 10.0.40219.1
Project("{FAE04EC0-301F-11D3-BF4B-00C04F79EFBC}") = "TodoApi", "TodoApi\TodoApi.csproj", "{46569B74-B1E9-431B-90F8-EC7856B79618}"
EndProject
Global
	GlobalSection(SolutionConfigurationPlatforms) = preSolution
		Debug|Any CPU = Debug|Any CPU
		Release|Any CPU = Release|Any CPU
	EndGlobalSection
	GlobalSection(ProjectConfigurationPlatforms) = postSolution
		{46569B74-B1E9-431B-90F8-EC7856B79618}.Debug|Any CPU.ActiveCfg = Debug|Any CPU
		{46569B74-B1E9-431B-90F8-EC7856B79618}.Debug|Any CPU.Build.0 = Debug|Any CPU
		{46569B74-B1E9-431B-90F8-EC7856B79618}.Release|Any CPU.ActiveCfg = Release|Any CPU
		{46569B74-B1E9-431B-90F8-EC7856B79618}.Release|Any CPU.Build.0 = Release|Any CPU
	EndGlobalSection
	GlobalSection(SolutionProperties) = preSolution
		HideSolutionNode = FALSE
	EndGlobalSection
	GlobalSection(ExtensibilityGlobals) = postSolution
		SolutionGuid = {8E585FDC-D33F-4F76-8EA8-F96DCE782618}
	EndGlobalSection
EndGlobal
