
Microsoft Visual Studio Solution File, Format Version 12.00
# Visual Studio Version 17
VisualStudioVersion = 17.5.33627.172
MinimumVisualStudioVersion = 10.0.40219.1
Project("{FAE04EC0-301F-11D3-BF4B-00C04F79EFBC}") = "EntityFramework", "EntityFramwork\EntityFramework.csproj", "{88765972-9A21-4646-8750-2FF1EC310B87}"
EndProject
Project("{FAE04EC0-301F-11D3-BF4B-00C04F79EFBC}") = "BookLibrary", "BookLibrary\BookLibrary.csproj", "{A2D2701B-CDFF-44BD-9A42-A7E15734A1FB}"
EndProject
Global
	GlobalSection(SolutionConfigurationPlatforms) = preSolution
		Debug|Any CPU = Debug|Any CPU
		Release|Any CPU = Release|Any CPU
	EndGlobalSection
	GlobalSection(ProjectConfigurationPlatforms) = postSolution
		{88765972-9A21-4646-8750-2FF1EC310B87}.Debug|Any CPU.ActiveCfg = Debug|Any CPU
		{88765972-9A21-4646-8750-2FF1EC310B87}.Debug|Any CPU.Build.0 = Debug|Any CPU
		{88765972-9A21-4646-8750-2FF1EC310B87}.Release|Any CPU.ActiveCfg = Release|Any CPU
		{88765972-9A21-4646-8750-2FF1EC310B87}.Release|Any CPU.Build.0 = Release|Any CPU
		{A2D2701B-CDFF-44BD-9A42-A7E15734A1FB}.Debug|Any CPU.ActiveCfg = Debug|Any CPU
		{A2D2701B-CDFF-44BD-9A42-A7E15734A1FB}.Debug|Any CPU.Build.0 = Debug|Any CPU
		{A2D2701B-CDFF-44BD-9A42-A7E15734A1FB}.Release|Any CPU.ActiveCfg = Release|Any CPU
		{A2D2701B-CDFF-44BD-9A42-A7E15734A1FB}.Release|Any CPU.Build.0 = Release|Any CPU
	EndGlobalSection
	GlobalSection(SolutionProperties) = preSolution
		HideSolutionNode = FALSE
	EndGlobalSection
	GlobalSection(ExtensibilityGlobals) = postSolution
		SolutionGuid = {3D9BA1DF-1380-44B7-8842-1EBEF33F880B}
	EndGlobalSection
EndGlobal
