
Microsoft Visual Studio Solution File, Format Version 12.00
# Visual Studio Version 17
VisualStudioVersion = 17.5.33627.172
MinimumVisualStudioVersion = 10.0.40219.1
Project("{FAE04EC0-301F-11D3-BF4B-00C04F79EFBC}") = "BankAPI", "BankAPI\BankAPI.csproj", "{51C84867-580A-4741-ADB5-93B6AB4FC421}"
EndProject
Global
	GlobalSection(SolutionConfigurationPlatforms) = preSolution
		Debug|Any CPU = Debug|Any CPU
		Release|Any CPU = Release|Any CPU
	EndGlobalSection
	GlobalSection(ProjectConfigurationPlatforms) = postSolution
		{51C84867-580A-4741-ADB5-93B6AB4FC421}.Debug|Any CPU.ActiveCfg = Debug|Any CPU
		{51C84867-580A-4741-ADB5-93B6AB4FC421}.Debug|Any CPU.Build.0 = Debug|Any CPU
		{51C84867-580A-4741-ADB5-93B6AB4FC421}.Release|Any CPU.ActiveCfg = Release|Any CPU
		{51C84867-580A-4741-ADB5-93B6AB4FC421}.Release|Any CPU.Build.0 = Release|Any CPU
	EndGlobalSection
	GlobalSection(SolutionProperties) = preSolution
		HideSolutionNode = FALSE
	EndGlobalSection
	GlobalSection(ExtensibilityGlobals) = postSolution
		SolutionGuid = {6D63EB68-DC6F-4FF8-B4B6-2B9C281DF251}
	EndGlobalSection
EndGlobal
